
Microsoft Visual Studio Solution File, Format Version 12.00
# Visual Studio 15
VisualStudioVersion = 15.0.28307.645
MinimumVisualStudioVersion = 10.0.40219.1
Project("{2150E333-8FDC-42A3-9474-1A3956D46DE8}") = "src", "src", "{9000F5A4-9C56-4765-935E-09E4BED8B16B}"
EndProject
Project("{2150E333-8FDC-42A3-9474-1A3956D46DE8}") = "Library", "Library", "{3C1EBDAF-C8B0-4664-8CB6-035C33B027C6}"
	ProjectSection(SolutionItems) = preProject
		src\Library\Directory.Build.props = src\Library\Directory.Build.props
	EndProjectSection
EndProject
Project("{2150E333-8FDC-42A3-9474-1A3956D46DE8}") = "Auth", "Auth", "{7828E2B1-A7B4-42FB-BF1E-6E50AED94DEC}"
EndProject
Project("{9A19103F-16F7-4668-BE54-9A1E7A4F7556}") = "Auth.Abstractions", "src\Library\Auth\Auth.Abstractions\Auth.Abstractions.csproj", "{3B87235D-3D32-4663-BAE0-68B6EC06E9D0}"
EndProject
Project("{9A19103F-16F7-4668-BE54-9A1E7A4F7556}") = "Auth.Jwt", "src\Library\Auth\Auth.Jwt\Auth.Jwt.csproj", "{68970D81-162E-4451-8C59-37CE4BDF98B1}"
EndProject
Project("{2150E333-8FDC-42A3-9474-1A3956D46DE8}") = "Cache", "Cache", "{482ECDD6-F5A1-44D4-B63D-8D02B8E92D5D}"
EndProject
Project("{9A19103F-16F7-4668-BE54-9A1E7A4F7556}") = "Cache.Abstractions", "src\Library\Cache\Cache.Abstractions\Cache.Abstractions.csproj", "{22E54800-5FCC-43AF-85CD-BD6B30CD71CA}"
EndProject
Project("{9A19103F-16F7-4668-BE54-9A1E7A4F7556}") = "Cache.Integration", "src\Library\Cache\Cache.Integration\Cache.Integration.csproj", "{C7979168-CC1B-42DA-8F6D-D9DE675272E5}"
EndProject
Project("{9A19103F-16F7-4668-BE54-9A1E7A4F7556}") = "Cache.MemoryCache", "src\Library\Cache\Cache.MemoryCache\Cache.MemoryCache.csproj", "{569D5B6B-4E0C-4183-9CEF-5E3022F80D9C}"
EndProject
Project("{9A19103F-16F7-4668-BE54-9A1E7A4F7556}") = "Cache.Redis", "src\Library\Cache\Cache.Redis\Cache.Redis.csproj", "{13A1918D-5164-4D7D-92BC-95CC3ECBA4FA}"
EndProject
Project("{2150E333-8FDC-42A3-9474-1A3956D46DE8}") = "Data", "Data", "{0B6611E2-75C3-4F54-B8DE-8ED0EBB8ECCD}"
EndProject
Project("{2150E333-8FDC-42A3-9474-1A3956D46DE8}") = "Core", "Core", "{5353B004-3FC7-43A1-8A08-7A0F11DB2FBC}"
EndProject
Project("{2150E333-8FDC-42A3-9474-1A3956D46DE8}") = "Db", "Db", "{51A5D00F-A2EC-4C7D-BA3D-773E32F1AD5A}"
EndProject
Project("{2150E333-8FDC-42A3-9474-1A3956D46DE8}") = "Extend", "Extend", "{B68DE481-E2DD-4E30-81F1-295BCB5E942D}"
EndProject
Project("{9A19103F-16F7-4668-BE54-9A1E7A4F7556}") = "Data.Core", "src\Library\Data\Core\Data.Core\Data.Core.csproj", "{9D6CE353-F940-4426-B0DC-AE0BC80F7544}"
EndProject
Project("{9A19103F-16F7-4668-BE54-9A1E7A4F7556}") = "Data.Abstractions", "src\Library\Data\Core\Data.Abstractions\Data.Abstractions.csproj", "{6754D71D-E4A4-4876-9332-D3B5497823B9}"
EndProject
Project("{9A19103F-16F7-4668-BE54-9A1E7A4F7556}") = "Data.SqlServer", "src\Library\Data\Db\Data.SqlServer\Data.SqlServer.csproj", "{530F948D-1CBA-492C-A837-376840F58557}"
EndProject
Project("{9A19103F-16F7-4668-BE54-9A1E7A4F7556}") = "Data.MySql", "src\Library\Data\Db\Data.MySql\Data.MySql.csproj", "{264169D5-24FF-47F0-AE91-3251DBC76859}"
EndProject
Project("{9A19103F-16F7-4668-BE54-9A1E7A4F7556}") = "Data.GenericHost", "src\Library\Data\Extend\Data.GenericHost\Data.GenericHost.csproj", "{5C2D589A-320B-40F1-8EFA-74A414418C08}"
EndProject
Project("{9A19103F-16F7-4668-BE54-9A1E7A4F7556}") = "Data.AspNetCore", "src\Library\Data\Extend\Data.AspNetCore\Data.AspNetCore.csproj", "{4B62D94E-85CF-48B3-82D7-1FD3B0843692}"
EndProject
Project("{9A19103F-16F7-4668-BE54-9A1E7A4F7556}") = "Data.Query", "src\Library\Data\Extend\Data.Query\Data.Query.csproj", "{CD6D4A0A-F6B6-4354-9CE8-F3E6ABF20883}"
EndProject
Project("{2150E333-8FDC-42A3-9474-1A3956D46DE8}") = "GenericHost", "GenericHost", "{B746D75A-E9DC-4F52-91F7-9165F42C2AD1}"
EndProject
Project("{9A19103F-16F7-4668-BE54-9A1E7A4F7556}") = "GenericHost.Core", "src\Library\GenericHost\GenericHost.Core\GenericHost.Core.csproj", "{F0A5E926-B5F9-43AB-8C96-4EBB54C149B0}"
EndProject
Project("{2150E333-8FDC-42A3-9474-1A3956D46DE8}") = "Logging", "Logging", "{AF9FE65B-16EE-446C-95C9-0AD431C9428D}"
EndProject
Project("{9A19103F-16F7-4668-BE54-9A1E7A4F7556}") = "Logging.Serilog", "src\Library\Logging\Logging.Serilog\Logging.Serilog.csproj", "{23D5F88B-61E8-41F0-8C30-1CFD704919B7}"
EndProject
Project("{9A19103F-16F7-4668-BE54-9A1E7A4F7556}") = "Logging.Serilog.GenericHost", "src\Library\Logging\Logging.Serilog.GenericHost\Logging.Serilog.GenericHost.csproj", "{A0E2A6F9-792B-4C6A-A3B1-DB88B479CAF9}"
EndProject
Project("{2150E333-8FDC-42A3-9474-1A3956D46DE8}") = "Mapper", "Mapper", "{151DEAF0-A069-4E02-8F0C-6FF177C5BB5C}"
EndProject
Project("{9A19103F-16F7-4668-BE54-9A1E7A4F7556}") = "Mapper.AutoMapper", "src\Library\Mapper\Mapper.AutoMapper\Mapper.AutoMapper.csproj", "{E3797879-E51D-48AE-8A9F-72B5E22838BD}"
EndProject
Project("{2150E333-8FDC-42A3-9474-1A3956D46DE8}") = "Module", "Module", "{F4051FDB-3879-4060-90A1-C5CFE1BE74A8}"
EndProject
Project("{9A19103F-16F7-4668-BE54-9A1E7A4F7556}") = "Module.Abstractions", "src\Library\Module\Module.Abstractions\Module.Abstractions.csproj", "{FBF82B46-5923-4844-A1EE-48B63D0A6B76}"
EndProject
Project("{9A19103F-16F7-4668-BE54-9A1E7A4F7556}") = "Module.Core", "src\Library\Module\Module.Core\Module.Core.csproj", "{2AFF4ACF-8037-4EC1-BB80-94B0C6E94C34}"
EndProject
Project("{2150E333-8FDC-42A3-9474-1A3956D46DE8}") = "SwaggerUI", "SwaggerUI", "{2AFDD085-D80C-475D-BC53-6402CA283E2D}"
EndProject
Project("{9A19103F-16F7-4668-BE54-9A1E7A4F7556}") = "Swagger", "src\Library\SwaggerUI\Swagger\Swagger.csproj", "{A15ED4EA-DCD1-42A3-B84C-1D6FF2BFF837}"
EndProject
Project("{2150E333-8FDC-42A3-9474-1A3956D46DE8}") = "Utils", "Utils", "{5C8E72C9-7E71-443C-B4AC-296A60C65274}"
EndProject
Project("{9A19103F-16F7-4668-BE54-9A1E7A4F7556}") = "Utils.Core", "src\Library\Utils\Utils.Core\Utils.Core.csproj", "{1AA310C2-1A1F-41DB-B4A8-9034435D2393}"
EndProject
Project("{9A19103F-16F7-4668-BE54-9A1E7A4F7556}") = "Utils.Mvc", "src\Library\Utils\Utils.Mvc\Utils.Mvc.csproj", "{54493D5A-0A4B-43FD-A9EC-B44DBCBEAC22}"
EndProject
Project("{2150E333-8FDC-42A3-9474-1A3956D46DE8}") = "Validation", "Validation", "{91569C4A-4F5B-4998-A927-675C38761568}"
EndProject
Project("{9A19103F-16F7-4668-BE54-9A1E7A4F7556}") = "Validation.Abstractions", "src\Library\Validation\Validation.Abstractions\Validation.Abstractions.csproj", "{C6AC73DA-4FE4-485C-B9EB-FA4988208D93}"
EndProject
Project("{9A19103F-16F7-4668-BE54-9A1E7A4F7556}") = "Validation.FluentValidation", "src\Library\Validation\Validation.FluentValidation\Validation.FluentValidation.csproj", "{1E068D65-EFF9-4133-BA3F-CD669420B69F}"
EndProject
Project("{2150E333-8FDC-42A3-9474-1A3956D46DE8}") = "WebHost", "WebHost", "{DE8FB95E-9B6A-4FFA-94FE-14C62207663F}"
EndProject
Project("{9A19103F-16F7-4668-BE54-9A1E7A4F7556}") = "WebHost.Core", "src\Library\WebHost\WebHost.Core\WebHost.Core.csproj", "{A04D8D0F-2778-4D93-A101-85843A43F8BE}"
EndProject
Project("{9A19103F-16F7-4668-BE54-9A1E7A4F7556}") = "WebHost.Electron", "src\Library\WebHost\WebHost.Electron\WebHost.Electron.csproj", "{EA913A0F-CD82-45C6-A425-559B6377B5E5}"
EndProject
Project("{2150E333-8FDC-42A3-9474-1A3956D46DE8}") = "Module", "Module", "{0F4723D0-3EFA-4C94-8508-9F341B70554E}"
	ProjectSection(SolutionItems) = preProject
		src\Module\Directory.Build.props = src\Module\Directory.Build.props
	EndProjectSection
EndProject
Project("{2150E333-8FDC-42A3-9474-1A3956D46DE8}") = "00_Admin", "00_Admin", "{A5A253DE-3776-4206-B5D1-CC52F04C12CB}"
	ProjectSection(SolutionItems) = preProject
		src\Module\Admin\Directory.Build.props = src\Module\Admin\Directory.Build.props
	EndProjectSection
EndProject
Project("{2150E333-8FDC-42A3-9474-1A3956D46DE8}") = "Library", "Library", "{BFB69CDD-5692-4DDE-B134-88ADA17F2DDE}"
EndProject
Project("{9A19103F-16F7-4668-BE54-9A1E7A4F7556}") = "Application", "src\Module\Admin\Library\Application\Application.csproj", "{4B485A33-6469-4989-B257-33D2BB2E1D03}"
EndProject
Project("{9A19103F-16F7-4668-BE54-9A1E7A4F7556}") = "Domain", "src\Module\Admin\Library\Domain\Domain.csproj", "{369F568F-99F4-4920-973F-191550CBFCB0}"
EndProject
Project("{9A19103F-16F7-4668-BE54-9A1E7A4F7556}") = "Infrastructure", "src\Module\Admin\Library\Infrastructure\Infrastructure.csproj", "{69525CE2-51C2-4D31-AF1C-A90E4D83D672}"
EndProject
Project("{9A19103F-16F7-4668-BE54-9A1E7A4F7556}") = "Web", "src\Module\Admin\Web\Web.csproj", "{52317EE9-2DD7-43AF-8CC7-D4CB41D5B34D}"
EndProject
Project("{9A19103F-16F7-4668-BE54-9A1E7A4F7556}") = "WebApiHost", "src\WebApiHost\WebApiHost.csproj", "{0C83D355-E5CC-4AE0-8D8A-40F0A23B4F51}"
EndProject
Project("{2150E333-8FDC-42A3-9474-1A3956D46DE8}") = "build", "build", "{7C7875D2-9F59-422B-AA67-4076DE2EC617}"
	ProjectSection(SolutionItems) = preProject
		build\web.build.targets = build\web.build.targets
	EndProjectSection
EndProject
Project("{2150E333-8FDC-42A3-9474-1A3956D46DE8}") = "01_Role", "01_Role", "{15DE1FBA-24EB-4090-A132-E445AAAE38C8}"
	ProjectSection(SolutionItems) = preProject
		src\Module\Role\Directory.Build.props = src\Module\Role\Directory.Build.props
	EndProjectSection
EndProject
Project("{9A19103F-16F7-4668-BE54-9A1E7A4F7556}") = "Web", "src\Module\Role\Web\Web.csproj", "{FCBEBD3D-C6E6-4AC0-9C2C-83E8FCB20F1E}"
EndProject
Project("{2150E333-8FDC-42A3-9474-1A3956D46DE8}") = "Library", "Library", "{937E5C34-BFD0-42AA-B640-8ECE5877418A}"
EndProject
Project("{9A19103F-16F7-4668-BE54-9A1E7A4F7556}") = "Application", "src\Module\Role\Library\Application\Application.csproj", "{B2B3FB54-E232-4837-AB48-4FCAE11BF4E7}"
EndProject
Project("{9A19103F-16F7-4668-BE54-9A1E7A4F7556}") = "Domain", "src\Module\Role\Library\Domain\Domain.csproj", "{0C587BEF-5714-418A-B933-2904A333BAD1}"
EndProject
Project("{9A19103F-16F7-4668-BE54-9A1E7A4F7556}") = "Infrastructure", "src\Module\Role\Library\Infrastructure\Infrastructure.csproj", "{800DA2E0-FAFD-4873-8411-E67FF2A6D8F4}"
EndProject
Global
	GlobalSection(SolutionConfigurationPlatforms) = preSolution
		Debug|Any CPU = Debug|Any CPU
		Release|Any CPU = Release|Any CPU
	EndGlobalSection
	GlobalSection(ProjectConfigurationPlatforms) = postSolution
		{3B87235D-3D32-4663-BAE0-68B6EC06E9D0}.Debug|Any CPU.ActiveCfg = Debug|Any CPU
		{3B87235D-3D32-4663-BAE0-68B6EC06E9D0}.Debug|Any CPU.Build.0 = Debug|Any CPU
		{3B87235D-3D32-4663-BAE0-68B6EC06E9D0}.Release|Any CPU.ActiveCfg = Release|Any CPU
		{3B87235D-3D32-4663-BAE0-68B6EC06E9D0}.Release|Any CPU.Build.0 = Release|Any CPU
		{68970D81-162E-4451-8C59-37CE4BDF98B1}.Debug|Any CPU.ActiveCfg = Debug|Any CPU
		{68970D81-162E-4451-8C59-37CE4BDF98B1}.Debug|Any CPU.Build.0 = Debug|Any CPU
		{68970D81-162E-4451-8C59-37CE4BDF98B1}.Release|Any CPU.ActiveCfg = Release|Any CPU
		{68970D81-162E-4451-8C59-37CE4BDF98B1}.Release|Any CPU.Build.0 = Release|Any CPU
		{22E54800-5FCC-43AF-85CD-BD6B30CD71CA}.Debug|Any CPU.ActiveCfg = Debug|Any CPU
		{22E54800-5FCC-43AF-85CD-BD6B30CD71CA}.Debug|Any CPU.Build.0 = Debug|Any CPU
		{22E54800-5FCC-43AF-85CD-BD6B30CD71CA}.Release|Any CPU.ActiveCfg = Release|Any CPU
		{22E54800-5FCC-43AF-85CD-BD6B30CD71CA}.Release|Any CPU.Build.0 = Release|Any CPU
		{C7979168-CC1B-42DA-8F6D-D9DE675272E5}.Debug|Any CPU.ActiveCfg = Debug|Any CPU
		{C7979168-CC1B-42DA-8F6D-D9DE675272E5}.Debug|Any CPU.Build.0 = Debug|Any CPU
		{C7979168-CC1B-42DA-8F6D-D9DE675272E5}.Release|Any CPU.ActiveCfg = Release|Any CPU
		{C7979168-CC1B-42DA-8F6D-D9DE675272E5}.Release|Any CPU.Build.0 = Release|Any CPU
		{569D5B6B-4E0C-4183-9CEF-5E3022F80D9C}.Debug|Any CPU.ActiveCfg = Debug|Any CPU
		{569D5B6B-4E0C-4183-9CEF-5E3022F80D9C}.Debug|Any CPU.Build.0 = Debug|Any CPU
		{569D5B6B-4E0C-4183-9CEF-5E3022F80D9C}.Release|Any CPU.ActiveCfg = Release|Any CPU
		{569D5B6B-4E0C-4183-9CEF-5E3022F80D9C}.Release|Any CPU.Build.0 = Release|Any CPU
		{13A1918D-5164-4D7D-92BC-95CC3ECBA4FA}.Debug|Any CPU.ActiveCfg = Debug|Any CPU
		{13A1918D-5164-4D7D-92BC-95CC3ECBA4FA}.Debug|Any CPU.Build.0 = Debug|Any CPU
		{13A1918D-5164-4D7D-92BC-95CC3ECBA4FA}.Release|Any CPU.ActiveCfg = Release|Any CPU
		{13A1918D-5164-4D7D-92BC-95CC3ECBA4FA}.Release|Any CPU.Build.0 = Release|Any CPU
		{9D6CE353-F940-4426-B0DC-AE0BC80F7544}.Debug|Any CPU.ActiveCfg = Debug|Any CPU
		{9D6CE353-F940-4426-B0DC-AE0BC80F7544}.Debug|Any CPU.Build.0 = Debug|Any CPU
		{9D6CE353-F940-4426-B0DC-AE0BC80F7544}.Release|Any CPU.ActiveCfg = Release|Any CPU
		{9D6CE353-F940-4426-B0DC-AE0BC80F7544}.Release|Any CPU.Build.0 = Release|Any CPU
		{6754D71D-E4A4-4876-9332-D3B5497823B9}.Debug|Any CPU.ActiveCfg = Debug|Any CPU
		{6754D71D-E4A4-4876-9332-D3B5497823B9}.Debug|Any CPU.Build.0 = Debug|Any CPU
		{6754D71D-E4A4-4876-9332-D3B5497823B9}.Release|Any CPU.ActiveCfg = Release|Any CPU
		{6754D71D-E4A4-4876-9332-D3B5497823B9}.Release|Any CPU.Build.0 = Release|Any CPU
		{530F948D-1CBA-492C-A837-376840F58557}.Debug|Any CPU.ActiveCfg = Debug|Any CPU
		{530F948D-1CBA-492C-A837-376840F58557}.Debug|Any CPU.Build.0 = Debug|Any CPU
		{530F948D-1CBA-492C-A837-376840F58557}.Release|Any CPU.ActiveCfg = Release|Any CPU
		{530F948D-1CBA-492C-A837-376840F58557}.Release|Any CPU.Build.0 = Release|Any CPU
		{264169D5-24FF-47F0-AE91-3251DBC76859}.Debug|Any CPU.ActiveCfg = Debug|Any CPU
		{264169D5-24FF-47F0-AE91-3251DBC76859}.Debug|Any CPU.Build.0 = Debug|Any CPU
		{264169D5-24FF-47F0-AE91-3251DBC76859}.Release|Any CPU.ActiveCfg = Release|Any CPU
		{264169D5-24FF-47F0-AE91-3251DBC76859}.Release|Any CPU.Build.0 = Release|Any CPU
		{5C2D589A-320B-40F1-8EFA-74A414418C08}.Debug|Any CPU.ActiveCfg = Debug|Any CPU
		{5C2D589A-320B-40F1-8EFA-74A414418C08}.Debug|Any CPU.Build.0 = Debug|Any CPU
		{5C2D589A-320B-40F1-8EFA-74A414418C08}.Release|Any CPU.ActiveCfg = Release|Any CPU
		{5C2D589A-320B-40F1-8EFA-74A414418C08}.Release|Any CPU.Build.0 = Release|Any CPU
		{4B62D94E-85CF-48B3-82D7-1FD3B0843692}.Debug|Any CPU.ActiveCfg = Debug|Any CPU
		{4B62D94E-85CF-48B3-82D7-1FD3B0843692}.Debug|Any CPU.Build.0 = Debug|Any CPU
		{4B62D94E-85CF-48B3-82D7-1FD3B0843692}.Release|Any CPU.ActiveCfg = Release|Any CPU
		{4B62D94E-85CF-48B3-82D7-1FD3B0843692}.Release|Any CPU.Build.0 = Release|Any CPU
		{CD6D4A0A-F6B6-4354-9CE8-F3E6ABF20883}.Debug|Any CPU.ActiveCfg = Debug|Any CPU
		{CD6D4A0A-F6B6-4354-9CE8-F3E6ABF20883}.Debug|Any CPU.Build.0 = Debug|Any CPU
		{CD6D4A0A-F6B6-4354-9CE8-F3E6ABF20883}.Release|Any CPU.ActiveCfg = Release|Any CPU
		{CD6D4A0A-F6B6-4354-9CE8-F3E6ABF20883}.Release|Any CPU.Build.0 = Release|Any CPU
		{F0A5E926-B5F9-43AB-8C96-4EBB54C149B0}.Debug|Any CPU.ActiveCfg = Debug|Any CPU
		{F0A5E926-B5F9-43AB-8C96-4EBB54C149B0}.Debug|Any CPU.Build.0 = Debug|Any CPU
		{F0A5E926-B5F9-43AB-8C96-4EBB54C149B0}.Release|Any CPU.ActiveCfg = Release|Any CPU
		{F0A5E926-B5F9-43AB-8C96-4EBB54C149B0}.Release|Any CPU.Build.0 = Release|Any CPU
		{23D5F88B-61E8-41F0-8C30-1CFD704919B7}.Debug|Any CPU.ActiveCfg = Debug|Any CPU
		{23D5F88B-61E8-41F0-8C30-1CFD704919B7}.Debug|Any CPU.Build.0 = Debug|Any CPU
		{23D5F88B-61E8-41F0-8C30-1CFD704919B7}.Release|Any CPU.ActiveCfg = Release|Any CPU
		{23D5F88B-61E8-41F0-8C30-1CFD704919B7}.Release|Any CPU.Build.0 = Release|Any CPU
		{A0E2A6F9-792B-4C6A-A3B1-DB88B479CAF9}.Debug|Any CPU.ActiveCfg = Debug|Any CPU
		{A0E2A6F9-792B-4C6A-A3B1-DB88B479CAF9}.Debug|Any CPU.Build.0 = Debug|Any CPU
		{A0E2A6F9-792B-4C6A-A3B1-DB88B479CAF9}.Release|Any CPU.ActiveCfg = Release|Any CPU
		{A0E2A6F9-792B-4C6A-A3B1-DB88B479CAF9}.Release|Any CPU.Build.0 = Release|Any CPU
		{E3797879-E51D-48AE-8A9F-72B5E22838BD}.Debug|Any CPU.ActiveCfg = Debug|Any CPU
		{E3797879-E51D-48AE-8A9F-72B5E22838BD}.Debug|Any CPU.Build.0 = Debug|Any CPU
		{E3797879-E51D-48AE-8A9F-72B5E22838BD}.Release|Any CPU.ActiveCfg = Release|Any CPU
		{E3797879-E51D-48AE-8A9F-72B5E22838BD}.Release|Any CPU.Build.0 = Release|Any CPU
		{FBF82B46-5923-4844-A1EE-48B63D0A6B76}.Debug|Any CPU.ActiveCfg = Debug|Any CPU
		{FBF82B46-5923-4844-A1EE-48B63D0A6B76}.Debug|Any CPU.Build.0 = Debug|Any CPU
		{FBF82B46-5923-4844-A1EE-48B63D0A6B76}.Release|Any CPU.ActiveCfg = Release|Any CPU
		{FBF82B46-5923-4844-A1EE-48B63D0A6B76}.Release|Any CPU.Build.0 = Release|Any CPU
		{2AFF4ACF-8037-4EC1-BB80-94B0C6E94C34}.Debug|Any CPU.ActiveCfg = Debug|Any CPU
		{2AFF4ACF-8037-4EC1-BB80-94B0C6E94C34}.Debug|Any CPU.Build.0 = Debug|Any CPU
		{2AFF4ACF-8037-4EC1-BB80-94B0C6E94C34}.Release|Any CPU.ActiveCfg = Release|Any CPU
		{2AFF4ACF-8037-4EC1-BB80-94B0C6E94C34}.Release|Any CPU.Build.0 = Release|Any CPU
		{A15ED4EA-DCD1-42A3-B84C-1D6FF2BFF837}.Debug|Any CPU.ActiveCfg = Debug|Any CPU
		{A15ED4EA-DCD1-42A3-B84C-1D6FF2BFF837}.Debug|Any CPU.Build.0 = Debug|Any CPU
		{A15ED4EA-DCD1-42A3-B84C-1D6FF2BFF837}.Release|Any CPU.ActiveCfg = Release|Any CPU
		{A15ED4EA-DCD1-42A3-B84C-1D6FF2BFF837}.Release|Any CPU.Build.0 = Release|Any CPU
		{1AA310C2-1A1F-41DB-B4A8-9034435D2393}.Debug|Any CPU.ActiveCfg = Debug|Any CPU
		{1AA310C2-1A1F-41DB-B4A8-9034435D2393}.Debug|Any CPU.Build.0 = Debug|Any CPU
		{1AA310C2-1A1F-41DB-B4A8-9034435D2393}.Release|Any CPU.ActiveCfg = Release|Any CPU
		{1AA310C2-1A1F-41DB-B4A8-9034435D2393}.Release|Any CPU.Build.0 = Release|Any CPU
		{54493D5A-0A4B-43FD-A9EC-B44DBCBEAC22}.Debug|Any CPU.ActiveCfg = Debug|Any CPU
		{54493D5A-0A4B-43FD-A9EC-B44DBCBEAC22}.Debug|Any CPU.Build.0 = Debug|Any CPU
		{54493D5A-0A4B-43FD-A9EC-B44DBCBEAC22}.Release|Any CPU.ActiveCfg = Release|Any CPU
		{54493D5A-0A4B-43FD-A9EC-B44DBCBEAC22}.Release|Any CPU.Build.0 = Release|Any CPU
		{C6AC73DA-4FE4-485C-B9EB-FA4988208D93}.Debug|Any CPU.ActiveCfg = Debug|Any CPU
		{C6AC73DA-4FE4-485C-B9EB-FA4988208D93}.Debug|Any CPU.Build.0 = Debug|Any CPU
		{C6AC73DA-4FE4-485C-B9EB-FA4988208D93}.Release|Any CPU.ActiveCfg = Release|Any CPU
		{C6AC73DA-4FE4-485C-B9EB-FA4988208D93}.Release|Any CPU.Build.0 = Release|Any CPU
		{1E068D65-EFF9-4133-BA3F-CD669420B69F}.Debug|Any CPU.ActiveCfg = Debug|Any CPU
		{1E068D65-EFF9-4133-BA3F-CD669420B69F}.Debug|Any CPU.Build.0 = Debug|Any CPU
		{1E068D65-EFF9-4133-BA3F-CD669420B69F}.Release|Any CPU.ActiveCfg = Release|Any CPU
		{1E068D65-EFF9-4133-BA3F-CD669420B69F}.Release|Any CPU.Build.0 = Release|Any CPU
		{A04D8D0F-2778-4D93-A101-85843A43F8BE}.Debug|Any CPU.ActiveCfg = Debug|Any CPU
		{A04D8D0F-2778-4D93-A101-85843A43F8BE}.Debug|Any CPU.Build.0 = Debug|Any CPU
		{A04D8D0F-2778-4D93-A101-85843A43F8BE}.Release|Any CPU.ActiveCfg = Release|Any CPU
		{A04D8D0F-2778-4D93-A101-85843A43F8BE}.Release|Any CPU.Build.0 = Release|Any CPU
		{EA913A0F-CD82-45C6-A425-559B6377B5E5}.Debug|Any CPU.ActiveCfg = Debug|Any CPU
		{EA913A0F-CD82-45C6-A425-559B6377B5E5}.Debug|Any CPU.Build.0 = Debug|Any CPU
		{EA913A0F-CD82-45C6-A425-559B6377B5E5}.Release|Any CPU.ActiveCfg = Release|Any CPU
		{EA913A0F-CD82-45C6-A425-559B6377B5E5}.Release|Any CPU.Build.0 = Release|Any CPU
		{4B485A33-6469-4989-B257-33D2BB2E1D03}.Debug|Any CPU.ActiveCfg = Debug|Any CPU
		{4B485A33-6469-4989-B257-33D2BB2E1D03}.Debug|Any CPU.Build.0 = Debug|Any CPU
		{4B485A33-6469-4989-B257-33D2BB2E1D03}.Release|Any CPU.ActiveCfg = Release|Any CPU
		{4B485A33-6469-4989-B257-33D2BB2E1D03}.Release|Any CPU.Build.0 = Release|Any CPU
		{369F568F-99F4-4920-973F-191550CBFCB0}.Debug|Any CPU.ActiveCfg = Debug|Any CPU
		{369F568F-99F4-4920-973F-191550CBFCB0}.Debug|Any CPU.Build.0 = Debug|Any CPU
		{369F568F-99F4-4920-973F-191550CBFCB0}.Release|Any CPU.ActiveCfg = Release|Any CPU
		{369F568F-99F4-4920-973F-191550CBFCB0}.Release|Any CPU.Build.0 = Release|Any CPU
		{69525CE2-51C2-4D31-AF1C-A90E4D83D672}.Debug|Any CPU.ActiveCfg = Debug|Any CPU
		{69525CE2-51C2-4D31-AF1C-A90E4D83D672}.Debug|Any CPU.Build.0 = Debug|Any CPU
		{69525CE2-51C2-4D31-AF1C-A90E4D83D672}.Release|Any CPU.ActiveCfg = Release|Any CPU
		{69525CE2-51C2-4D31-AF1C-A90E4D83D672}.Release|Any CPU.Build.0 = Release|Any CPU
		{52317EE9-2DD7-43AF-8CC7-D4CB41D5B34D}.Debug|Any CPU.ActiveCfg = Debug|Any CPU
		{52317EE9-2DD7-43AF-8CC7-D4CB41D5B34D}.Debug|Any CPU.Build.0 = Debug|Any CPU
		{52317EE9-2DD7-43AF-8CC7-D4CB41D5B34D}.Release|Any CPU.ActiveCfg = Release|Any CPU
		{52317EE9-2DD7-43AF-8CC7-D4CB41D5B34D}.Release|Any CPU.Build.0 = Release|Any CPU
		{0C83D355-E5CC-4AE0-8D8A-40F0A23B4F51}.Debug|Any CPU.ActiveCfg = Debug|Any CPU
		{0C83D355-E5CC-4AE0-8D8A-40F0A23B4F51}.Debug|Any CPU.Build.0 = Debug|Any CPU
		{0C83D355-E5CC-4AE0-8D8A-40F0A23B4F51}.Release|Any CPU.ActiveCfg = Release|Any CPU
		{0C83D355-E5CC-4AE0-8D8A-40F0A23B4F51}.Release|Any CPU.Build.0 = Release|Any CPU
		{FCBEBD3D-C6E6-4AC0-9C2C-83E8FCB20F1E}.Debug|Any CPU.ActiveCfg = Debug|Any CPU
		{FCBEBD3D-C6E6-4AC0-9C2C-83E8FCB20F1E}.Debug|Any CPU.Build.0 = Debug|Any CPU
		{FCBEBD3D-C6E6-4AC0-9C2C-83E8FCB20F1E}.Release|Any CPU.ActiveCfg = Release|Any CPU
		{FCBEBD3D-C6E6-4AC0-9C2C-83E8FCB20F1E}.Release|Any CPU.Build.0 = Release|Any CPU
		{B2B3FB54-E232-4837-AB48-4FCAE11BF4E7}.Debug|Any CPU.ActiveCfg = Debug|Any CPU
		{B2B3FB54-E232-4837-AB48-4FCAE11BF4E7}.Debug|Any CPU.Build.0 = Debug|Any CPU
		{B2B3FB54-E232-4837-AB48-4FCAE11BF4E7}.Release|Any CPU.ActiveCfg = Release|Any CPU
		{B2B3FB54-E232-4837-AB48-4FCAE11BF4E7}.Release|Any CPU.Build.0 = Release|Any CPU
		{0C587BEF-5714-418A-B933-2904A333BAD1}.Debug|Any CPU.ActiveCfg = Debug|Any CPU
		{0C587BEF-5714-418A-B933-2904A333BAD1}.Debug|Any CPU.Build.0 = Debug|Any CPU
		{0C587BEF-5714-418A-B933-2904A333BAD1}.Release|Any CPU.ActiveCfg = Release|Any CPU
		{0C587BEF-5714-418A-B933-2904A333BAD1}.Release|Any CPU.Build.0 = Release|Any CPU
		{800DA2E0-FAFD-4873-8411-E67FF2A6D8F4}.Debug|Any CPU.ActiveCfg = Debug|Any CPU
		{800DA2E0-FAFD-4873-8411-E67FF2A6D8F4}.Debug|Any CPU.Build.0 = Debug|Any CPU
		{800DA2E0-FAFD-4873-8411-E67FF2A6D8F4}.Release|Any CPU.ActiveCfg = Release|Any CPU
		{800DA2E0-FAFD-4873-8411-E67FF2A6D8F4}.Release|Any CPU.Build.0 = Release|Any CPU
	EndGlobalSection
	GlobalSection(SolutionProperties) = preSolution
		HideSolutionNode = FALSE
	EndGlobalSection
	GlobalSection(NestedProjects) = preSolution
		{3C1EBDAF-C8B0-4664-8CB6-035C33B027C6} = {9000F5A4-9C56-4765-935E-09E4BED8B16B}
		{7828E2B1-A7B4-42FB-BF1E-6E50AED94DEC} = {3C1EBDAF-C8B0-4664-8CB6-035C33B027C6}
		{3B87235D-3D32-4663-BAE0-68B6EC06E9D0} = {7828E2B1-A7B4-42FB-BF1E-6E50AED94DEC}
		{68970D81-162E-4451-8C59-37CE4BDF98B1} = {7828E2B1-A7B4-42FB-BF1E-6E50AED94DEC}
		{482ECDD6-F5A1-44D4-B63D-8D02B8E92D5D} = {3C1EBDAF-C8B0-4664-8CB6-035C33B027C6}
		{22E54800-5FCC-43AF-85CD-BD6B30CD71CA} = {482ECDD6-F5A1-44D4-B63D-8D02B8E92D5D}
		{C7979168-CC1B-42DA-8F6D-D9DE675272E5} = {482ECDD6-F5A1-44D4-B63D-8D02B8E92D5D}
		{569D5B6B-4E0C-4183-9CEF-5E3022F80D9C} = {482ECDD6-F5A1-44D4-B63D-8D02B8E92D5D}
		{13A1918D-5164-4D7D-92BC-95CC3ECBA4FA} = {482ECDD6-F5A1-44D4-B63D-8D02B8E92D5D}
		{0B6611E2-75C3-4F54-B8DE-8ED0EBB8ECCD} = {3C1EBDAF-C8B0-4664-8CB6-035C33B027C6}
		{5353B004-3FC7-43A1-8A08-7A0F11DB2FBC} = {0B6611E2-75C3-4F54-B8DE-8ED0EBB8ECCD}
		{51A5D00F-A2EC-4C7D-BA3D-773E32F1AD5A} = {0B6611E2-75C3-4F54-B8DE-8ED0EBB8ECCD}
		{B68DE481-E2DD-4E30-81F1-295BCB5E942D} = {0B6611E2-75C3-4F54-B8DE-8ED0EBB8ECCD}
		{9D6CE353-F940-4426-B0DC-AE0BC80F7544} = {5353B004-3FC7-43A1-8A08-7A0F11DB2FBC}
		{6754D71D-E4A4-4876-9332-D3B5497823B9} = {5353B004-3FC7-43A1-8A08-7A0F11DB2FBC}
		{530F948D-1CBA-492C-A837-376840F58557} = {51A5D00F-A2EC-4C7D-BA3D-773E32F1AD5A}
		{264169D5-24FF-47F0-AE91-3251DBC76859} = {51A5D00F-A2EC-4C7D-BA3D-773E32F1AD5A}
		{5C2D589A-320B-40F1-8EFA-74A414418C08} = {B68DE481-E2DD-4E30-81F1-295BCB5E942D}
		{4B62D94E-85CF-48B3-82D7-1FD3B0843692} = {B68DE481-E2DD-4E30-81F1-295BCB5E942D}
		{CD6D4A0A-F6B6-4354-9CE8-F3E6ABF20883} = {B68DE481-E2DD-4E30-81F1-295BCB5E942D}
		{B746D75A-E9DC-4F52-91F7-9165F42C2AD1} = {3C1EBDAF-C8B0-4664-8CB6-035C33B027C6}
		{F0A5E926-B5F9-43AB-8C96-4EBB54C149B0} = {B746D75A-E9DC-4F52-91F7-9165F42C2AD1}
		{AF9FE65B-16EE-446C-95C9-0AD431C9428D} = {3C1EBDAF-C8B0-4664-8CB6-035C33B027C6}
		{23D5F88B-61E8-41F0-8C30-1CFD704919B7} = {AF9FE65B-16EE-446C-95C9-0AD431C9428D}
		{A0E2A6F9-792B-4C6A-A3B1-DB88B479CAF9} = {AF9FE65B-16EE-446C-95C9-0AD431C9428D}
		{151DEAF0-A069-4E02-8F0C-6FF177C5BB5C} = {3C1EBDAF-C8B0-4664-8CB6-035C33B027C6}
		{E3797879-E51D-48AE-8A9F-72B5E22838BD} = {151DEAF0-A069-4E02-8F0C-6FF177C5BB5C}
		{F4051FDB-3879-4060-90A1-C5CFE1BE74A8} = {3C1EBDAF-C8B0-4664-8CB6-035C33B027C6}
		{FBF82B46-5923-4844-A1EE-48B63D0A6B76} = {F4051FDB-3879-4060-90A1-C5CFE1BE74A8}
		{2AFF4ACF-8037-4EC1-BB80-94B0C6E94C34} = {F4051FDB-3879-4060-90A1-C5CFE1BE74A8}
		{2AFDD085-D80C-475D-BC53-6402CA283E2D} = {3C1EBDAF-C8B0-4664-8CB6-035C33B027C6}
		{A15ED4EA-DCD1-42A3-B84C-1D6FF2BFF837} = {2AFDD085-D80C-475D-BC53-6402CA283E2D}
		{5C8E72C9-7E71-443C-B4AC-296A60C65274} = {3C1EBDAF-C8B0-4664-8CB6-035C33B027C6}
		{1AA310C2-1A1F-41DB-B4A8-9034435D2393} = {5C8E72C9-7E71-443C-B4AC-296A60C65274}
		{54493D5A-0A4B-43FD-A9EC-B44DBCBEAC22} = {5C8E72C9-7E71-443C-B4AC-296A60C65274}
		{91569C4A-4F5B-4998-A927-675C38761568} = {3C1EBDAF-C8B0-4664-8CB6-035C33B027C6}
		{C6AC73DA-4FE4-485C-B9EB-FA4988208D93} = {91569C4A-4F5B-4998-A927-675C38761568}
		{1E068D65-EFF9-4133-BA3F-CD669420B69F} = {91569C4A-4F5B-4998-A927-675C38761568}
		{DE8FB95E-9B6A-4FFA-94FE-14C62207663F} = {3C1EBDAF-C8B0-4664-8CB6-035C33B027C6}
		{A04D8D0F-2778-4D93-A101-85843A43F8BE} = {DE8FB95E-9B6A-4FFA-94FE-14C62207663F}
		{EA913A0F-CD82-45C6-A425-559B6377B5E5} = {DE8FB95E-9B6A-4FFA-94FE-14C62207663F}
		{0F4723D0-3EFA-4C94-8508-9F341B70554E} = {9000F5A4-9C56-4765-935E-09E4BED8B16B}
		{A5A253DE-3776-4206-B5D1-CC52F04C12CB} = {0F4723D0-3EFA-4C94-8508-9F341B70554E}
		{BFB69CDD-5692-4DDE-B134-88ADA17F2DDE} = {A5A253DE-3776-4206-B5D1-CC52F04C12CB}
		{4B485A33-6469-4989-B257-33D2BB2E1D03} = {BFB69CDD-5692-4DDE-B134-88ADA17F2DDE}
		{369F568F-99F4-4920-973F-191550CBFCB0} = {BFB69CDD-5692-4DDE-B134-88ADA17F2DDE}
		{69525CE2-51C2-4D31-AF1C-A90E4D83D672} = {BFB69CDD-5692-4DDE-B134-88ADA17F2DDE}
		{52317EE9-2DD7-43AF-8CC7-D4CB41D5B34D} = {A5A253DE-3776-4206-B5D1-CC52F04C12CB}
		{0C83D355-E5CC-4AE0-8D8A-40F0A23B4F51} = {9000F5A4-9C56-4765-935E-09E4BED8B16B}
		{15DE1FBA-24EB-4090-A132-E445AAAE38C8} = {0F4723D0-3EFA-4C94-8508-9F341B70554E}
		{FCBEBD3D-C6E6-4AC0-9C2C-83E8FCB20F1E} = {15DE1FBA-24EB-4090-A132-E445AAAE38C8}
		{937E5C34-BFD0-42AA-B640-8ECE5877418A} = {15DE1FBA-24EB-4090-A132-E445AAAE38C8}
		{B2B3FB54-E232-4837-AB48-4FCAE11BF4E7} = {937E5C34-BFD0-42AA-B640-8ECE5877418A}
		{0C587BEF-5714-418A-B933-2904A333BAD1} = {937E5C34-BFD0-42AA-B640-8ECE5877418A}
		{800DA2E0-FAFD-4873-8411-E67FF2A6D8F4} = {937E5C34-BFD0-42AA-B640-8ECE5877418A}
	EndGlobalSection
	GlobalSection(ExtensibilityGlobals) = postSolution
		SolutionGuid = {677EC036-9096-4285-9BC6-164A5BDDA6A4}
	EndGlobalSection
EndGlobal
